
Microsoft Visual Studio Solution File, Format Version 12.00
# Visual Studio 15
VisualStudioVersion = 15.0.28307.1321
MinimumVisualStudioVersion = 10.0.40219.1
Project("{8BC9CEB8-8B4A-11D0-8D11-00A0C91BC942}") = "spectral-photon-mapping", "spectral-photon-mapping\spectral-photon-mapping.vcxproj", "{842FED16-3939-4BFB-8987-5E2F9F2B85E3}"
EndProject
Project("{8BC9CEB8-8B4A-11D0-8D11-00A0C91BC942}") = "benchmark", "tests\tests.vcxproj", "{9B123CBA-7560-407C-A880-20F1379AF014}"
EndProject
Project("{8BC9CEB8-8B4A-11D0-8D11-00A0C91BC942}") = "static", "static\static.vcxproj", "{4F5EC781-8B57-4E2D-AF44-C053D656AE9E}"
EndProject
Project("{2150E333-8FDC-42A3-9474-1A3956D46DE8}") = "1 Apps", "1 Apps", "{B8D80545-D4CD-4C32-BB79-A1EBBC1861E4}"
EndProject
Project("{2150E333-8FDC-42A3-9474-1A3956D46DE8}") = "2 Libs", "2 Libs", "{BB4CBB2B-8066-4C88-A26B-FDD927C69892}"
EndProject
Global
	GlobalSection(SolutionConfigurationPlatforms) = preSolution
		Debug|x64 = Debug|x64
		Debug|x86 = Debug|x86
		Release|x64 = Release|x64
		Release|x86 = Release|x86
	EndGlobalSection
	GlobalSection(ProjectConfigurationPlatforms) = postSolution
		{842FED16-3939-4BFB-8987-5E2F9F2B85E3}.Debug|x64.ActiveCfg = Debug|x64
		{842FED16-3939-4BFB-8987-5E2F9F2B85E3}.Debug|x64.Build.0 = Debug|x64
		{842FED16-3939-4BFB-8987-5E2F9F2B85E3}.Debug|x86.ActiveCfg = Debug|Win32
		{842FED16-3939-4BFB-8987-5E2F9F2B85E3}.Debug|x86.Build.0 = Debug|Win32
		{842FED16-3939-4BFB-8987-5E2F9F2B85E3}.Release|x64.ActiveCfg = Release|x64
		{842FED16-3939-4BFB-8987-5E2F9F2B85E3}.Release|x64.Build.0 = Release|x64
		{842FED16-3939-4BFB-8987-5E2F9F2B85E3}.Release|x86.ActiveCfg = Release|Win32
		{842FED16-3939-4BFB-8987-5E2F9F2B85E3}.Release|x86.Build.0 = Release|Win32
		{9B123CBA-7560-407C-A880-20F1379AF014}.Debug|x64.ActiveCfg = Debug|x64
		{9B123CBA-7560-407C-A880-20F1379AF014}.Debug|x64.Build.0 = Debug|x64
		{9B123CBA-7560-407C-A880-20F1379AF014}.Debug|x86.ActiveCfg = Debug|Win32
		{9B123CBA-7560-407C-A880-20F1379AF014}.Debug|x86.Build.0 = Debug|Win32
		{9B123CBA-7560-407C-A880-20F1379AF014}.Release|x64.ActiveCfg = Release|x64
		{9B123CBA-7560-407C-A880-20F1379AF014}.Release|x64.Build.0 = Release|x64
		{9B123CBA-7560-407C-A880-20F1379AF014}.Release|x86.ActiveCfg = Release|Win32
		{9B123CBA-7560-407C-A880-20F1379AF014}.Release|x86.Build.0 = Release|Win32
		{4F5EC781-8B57-4E2D-AF44-C053D656AE9E}.Debug|x64.ActiveCfg = Debug|x64
		{4F5EC781-8B57-4E2D-AF44-C053D656AE9E}.Debug|x64.Build.0 = Debug|x64
		{4F5EC781-8B57-4E2D-AF44-C053D656AE9E}.Debug|x86.ActiveCfg = Debug|Win32
		{4F5EC781-8B57-4E2D-AF44-C053D656AE9E}.Debug|x86.Build.0 = Debug|Win32
		{4F5EC781-8B57-4E2D-AF44-C053D656AE9E}.Release|x64.ActiveCfg = Release|x64
		{4F5EC781-8B57-4E2D-AF44-C053D656AE9E}.Release|x64.Build.0 = Release|x64
		{4F5EC781-8B57-4E2D-AF44-C053D656AE9E}.Release|x86.ActiveCfg = Release|Win32
		{4F5EC781-8B57-4E2D-AF44-C053D656AE9E}.Release|x86.Build.0 = Release|Win32
	EndGlobalSection
	GlobalSection(SolutionProperties) = preSolution
		HideSolutionNode = FALSE
	EndGlobalSection
	GlobalSection(NestedProjects) = preSolution
		{842FED16-3939-4BFB-8987-5E2F9F2B85E3} = {BB4CBB2B-8066-4C88-A26B-FDD927C69892}
		{9B123CBA-7560-407C-A880-20F1379AF014} = {B8D80545-D4CD-4C32-BB79-A1EBBC1861E4}
		{4F5EC781-8B57-4E2D-AF44-C053D656AE9E} = {B8D80545-D4CD-4C32-BB79-A1EBBC1861E4}
	EndGlobalSection
	GlobalSection(ExtensibilityGlobals) = postSolution
		SolutionGuid = {DAD6AF13-8D8C-40A7-A2F4-573CD1F157AE}
	EndGlobalSection
EndGlobal
