<?xml version="1.0" encoding="utf-8"?>
<Project ToolsVersion="4.0" xmlns="http://schemas.microsoft.com/developer/msbuild/2003">
  <ItemGroup>
    <Filter Include="Source Files">
      <UniqueIdentifier>{4FC737F1-C7A5-4376-A066-2A32D752A2FF}</UniqueIdentifier>
      <Extensions>cpp;c;cc;cxx;c++;cppm;ixx;def;odl;idl;hpj;bat;asm;asmx</Extensions>
    </Filter>
    <Filter Include="Header Files">
      <UniqueIdentifier>{93995380-89BD-4b04-88EB-625FBE52EBFB}</UniqueIdentifier>
      <Extensions>h;hh;hpp;hxx;h++;hm;inl;inc;ipp;xsd</Extensions>
    </Filter>
    <Filter Include="Resource Files">
      <UniqueIdentifier>{67DA6AB6-F800-4c08-8B7A-83BB121AAD01}</UniqueIdentifier>
      <Extensions>rc;ico;cur;bmp;dlg;rc2;rct;bin;rgs;gif;jpg;jpeg;jpe;resx;tiff;tif;png;wav;mfcribbon-ms</Extensions>
    </Filter>
    <Filter Include="Header Files\Core">
      <UniqueIdentifier>{73774106-d3f5-4a5c-8d26-19f79a70f4f2}</UniqueIdentifier>
    </Filter>
    <Filter Include="Header Files\Core\Shapes">
      <UniqueIdentifier>{a5905eca-bd94-4ccc-bd9e-0cf327f1fcc6}</UniqueIdentifier>
    </Filter>
  </ItemGroup>
  <ItemGroup>
    <ClInclude Include="Ray.h">
      <Filter>Header Files\Core</Filter>
    </ClInclude>
    <ClInclude Include="Segment.h">
      <Filter>Header Files\Core\Shapes</Filter>
    </ClInclude>
    <ClInclude Include="Line.h">
      <Filter>Header Files\Core\Shapes</Filter>
    </ClInclude>
    <ClInclude Include="Circle.h">
      <Filter>Header Files\Core\Shapes</Filter>
    </ClInclude>
    <ClInclude Include="Arch.h">
      <Filter>Header Files\Core\Shapes</Filter>
    </ClInclude>
  </ItemGroup>
</Project>